<?xml version="1.0" encoding="utf-8"?>
<Project ToolsVersion="4.0" xmlns="http://schemas.microsoft.com/developer/msbuild/2003">
  <ItemGroup>
    <ClCompile Include="Actors\Environment.cpp" />
    <ClCompile Include="Actors\Ground.cpp" />
    <ClCompile Include="Actors\ThrowingActor.cpp" />
    <ClCompile Include="Actors\PickUpActor.cpp" />
    <ClCompile Include="Tasks\RotatingTask.cpp" />
    <ClCompile Include="Tasks\CharacterTouch.cpp" />
    <ClCompile Include="Tasks\ChangeLane.cpp" />
    <ClCompile Include="Tasks\Running.cpp" />
    <ClCompile Include="Tasks\CharacterControl.cpp" />
    <ClCompile Include="Tasks\CharacterFallback.cpp" />
    <ClCompile Include="Tasks\CollissionCheck.cpp" />
    <ClCompile Include="Tasks\FollowingCamera.cpp" />
    <ClCompile Include="Tasks\BottleValidityCheck.cpp" />
    <ClCompile Include="Tasks\BottleHitCheck.cpp" />
    <ClCompile Include="Tasks\ThrowingBottle.cpp" />
    <ClCompile Include="Tasks\BottleSpectator.cpp" />
    <ClCompile Include="Actors\Attacker_Player.cpp" />
    <ClCompile Include="Actors\Defender_CPU.cpp" />
    <ClCompile Include="Actors\Defender_Player.cpp" />
    <ClCompile Include="Actors\Attacker_CPU.cpp" />
    <ClCompile Include="Actors\PvE_Game.cpp" />
    <ClCompile Include="Actors\ThrowingUI.cpp" />
    <ClCompile Include="Tasks\IconTouch.cpp" />
    <ClCompile Include="Tasks\ProgressBars.cpp" />
    <ClCompile Include="Tasks\WinLoose.cpp" />
    <ClCompile Include="Tasks\PostProcessTask.cpp" />
    <ClCompile Include="Actors\Defender_Network.cpp" />
    <ClCompile Include="Actors\MenuUI.cpp" />
    <ClCompile Include="Actors\MatchMaker.cpp" />
    <ClCompile Include="Actors\SendCurrentState.cpp" />
    <ClCompile Include="Actors\ProcessCurrentState.cpp" />
    <ClCompile Include="Tasks\SendGameState.cpp" />
    <ClCompile Include="Tasks\ReceiveGameState.cpp" />
    <ClCompile Include="Tasks\SendInput.cpp" />
    <ClCompile Include="Tasks\ReceiveInput.cpp" />
    <ClCompile Include="Actors\Defender_Streamed.cpp" />
    <ClCompile Include="Actors\Attacker_Streamed.cpp" />
    <ClCompile Include="Actors\Attacker_Network.cpp" />
    <ClCompile Include="Actors\PvP_Game_Streamed.cpp" />
    <ClCompile Include="Actors\PvP_Game.cpp" />
    <ClCompile Include="Tasks\SendGroundInfo.cpp" />
    <ClCompile Include="Tasks\ReceiveGroundInfo.cpp" />
    <ClCompile Include="Actors\Ground_Client.cpp" />
    <ClCompile Include="Tasks\DisplayInfos.cpp" />
    <ClCompile Include="Tasks\MoveBottleToHead.cpp" />
    <ClCompile Include="Tasks\SpotlightTargetBottle.cpp" />
    <ClCompile Include="Actors\GameSound.cpp" />
    <ClCompile Include="Game\Flunkyball.cpp" />
  </ItemGroup>
  <ItemGroup>
    <ClInclude Include="pch.h" />
    <ClInclude Include="Actors\Environment.h" />
    <ClInclude Include="Actors\Ground.h" />
    <ClInclude Include="Actors\ThrowingActor.h" />
    <ClInclude Include="Actors\PickUpActor.h" />
    <ClInclude Include="Tasks\RotatingTask.h" />
    <ClInclude Include="Tasks\CharacterTouch.h" />
    <ClInclude Include="Tasks\ChangeLane.h" />
    <ClInclude Include="Tasks\Running.h" />
    <ClInclude Include="Tasks\CharacterControl.h" />
    <ClInclude Include="Tasks\CharacterFallback.h" />
    <ClInclude Include="Tasks\CollissionCheck.h" />
    <ClInclude Include="Tasks\FollowingCamera.h" />
    <ClInclude Include="Tasks\BottleValidityCheck.h" />
    <ClInclude Include="Tasks\BottleHitCheck.h" />
    <ClInclude Include="Tasks\ThrowingBottle.h" />
    <ClInclude Include="Tasks\BottleSpectator.h" />
    <ClInclude Include="Actors\Attacker_Player.h" />
    <ClInclude Include="Actors\Defender_CPU.h" />
    <ClInclude Include="Actors\Defender_Player.h" />
    <ClInclude Include="Actors\Attacker_CPU.h" />
    <ClInclude Include="GameUtility.h" />
    <ClInclude Include="Actors\PvE_Game.h" />
    <ClInclude Include="Actors\ThrowingUI.h" />
    <ClInclude Include="Tasks\IconTouch.h" />
    <ClInclude Include="Tasks\ProgressBars.h" />
    <ClInclude Include="Tasks\WinLoose.h" />
    <ClInclude Include="Tasks\PostProcessTask.h" />
    <ClInclude Include="Actors\Defender_Network.h" />
    <ClInclude Include="Scenes\Menu.h" />
    <ClInclude Include="Actors\MenuUI.h" />
    <ClInclude Include="Actors\MatchMaker.h" />
    <ClInclude Include="Actors\SendCurrentState.h" />
    <ClInclude Include="Actors\ProcessCurrentState.h" />
    <ClInclude Include="Tasks\SendGameState.h" />
    <ClInclude Include="Tasks\ReceiveGameState.h" />
    <ClInclude Include="Scenes\ClientScene.h" />
    <ClInclude Include="Scenes\ServerScene.h" />
    <ClInclude Include="Tasks\SendInput.h" />
    <ClInclude Include="Tasks\ReceiveInput.h" />
    <ClInclude Include="Actors\Defender_Streamed.h" />
    <ClInclude Include="Actors\Attacker_Streamed.h" />
    <ClInclude Include="Actors\Attacker_Network.h" />
    <ClInclude Include="Actors\PvP_Game_Streamed.h" />
    <ClInclude Include="Actors\PvP_Game.h" />
    <ClInclude Include="Tasks\SendGroundInfo.h" />
    <ClInclude Include="Tasks\ReceiveGroundInfo.h" />
    <ClInclude Include="Actors\Ground_Client.h" />
    <ClInclude Include="Tasks\DisplayInfos.h" />
    <ClInclude Include="Tasks\MoveBottleToHead.h" />
    <ClInclude Include="Tasks\SpotlightTargetBottle.h" />
    <ClInclude Include="Actors\GameSound.h" />
    <ClInclude Include="Scenes\SingleplayerScene.h" />
    <ClInclude Include="Game\Flunkyball.h" />
  </ItemGroup>
</Project>